// !$*UTF8*$!
{
	archiveVersion = 1;
	classes = {
	};
	objectVersion = 46;
	objects = {

/* Begin PBXBuildFile section */
		121EEFEF1E2F0DF300D1B7FE /* NetworkManager.swift in Sources */ = {isa = PBXBuildFile; fileRef = 121EEFEE1E2F0DF300D1B7FE /* NetworkManager.swift */; };
		121EEFF21E2F4CDC00D1B7FE /* Config.swift in Sources */ = {isa = PBXBuildFile; fileRef = 121EEFF11E2F4CDC00D1B7FE /* Config.swift */; };
		121EEFF41E2F51C300D1B7FE /* BrowserView.swift in Sources */ = {isa = PBXBuildFile; fileRef = 121EEFF31E2F51C300D1B7FE /* BrowserView.swift */; };
		121EEFF61E2F51D800D1B7FE /* LoginView.swift in Sources */ = {isa = PBXBuildFile; fileRef = 121EEFF51E2F51D800D1B7FE /* LoginView.swift */; };
		121EEFF81E2F61A600D1B7FE /* IDZSwiftCommonCrypto.framework in Frameworks */ = {isa = PBXBuildFile; fileRef = 121EEFF71E2F61A600D1B7FE /* IDZSwiftCommonCrypto.framework */; };
		123AC6131E28DB0E00113D2C /* AppDelegate.swift in Sources */ = {isa = PBXBuildFile; fileRef = 123AC6121E28DB0E00113D2C /* AppDelegate.swift */; };
		123AC6151E28DB0E00113D2C /* ViewController.swift in Sources */ = {isa = PBXBuildFile; fileRef = 123AC6141E28DB0E00113D2C /* ViewController.swift */; };
		123AC6181E28DB0E00113D2C /* Main.storyboard in Resources */ = {isa = PBXBuildFile; fileRef = 123AC6161E28DB0E00113D2C /* Main.storyboard */; };
		123AC61A1E28DB0E00113D2C /* Assets.xcassets in Resources */ = {isa = PBXBuildFile; fileRef = 123AC6191E28DB0E00113D2C /* Assets.xcassets */; };
		123AC61D1E28DB0E00113D2C /* LaunchScreen.storyboard in Resources */ = {isa = PBXBuildFile; fileRef = 123AC61B1E28DB0E00113D2C /* LaunchScreen.storyboard */; };
		123AC6281E28DB0E00113D2C /* MOATests.swift in Sources */ = {isa = PBXBuildFile; fileRef = 123AC6271E28DB0E00113D2C /* MOATests.swift */; };
		123AC6331E28DB0E00113D2C /* MOAUITests.swift in Sources */ = {isa = PBXBuildFile; fileRef = 123AC6321E28DB0E00113D2C /* MOAUITests.swift */; };
		123AC6421E28DBC500113D2C /* IDZSwiftCommonCrypto.framework in Frameworks */ = {isa = PBXBuildFile; fileRef = 123AC6401E28DBB400113D2C /* IDZSwiftCommonCrypto.framework */; };
		123AC6511E2DF35100113D2C /* DeviceCheckView.swift in Sources */ = {isa = PBXBuildFile; fileRef = 123AC6501E2DF35100113D2C /* DeviceCheckView.swift */; };
		125009AA1E2F626900303DEE /* Alamofire.framework in Frameworks */ = {isa = PBXBuildFile; fileRef = 125009A91E2F626900303DEE /* Alamofire.framework */; };
		125009AB1E2F627200303DEE /* Alamofire.framework in Embed Frameworks */ = {isa = PBXBuildFile; fileRef = 125009A91E2F626900303DEE /* Alamofire.framework */; settings = {ATTRIBUTES = (CodeSignOnCopy, RemoveHeadersOnCopy, ); }; };
		125009AC1E2F627600303DEE /* IDZSwiftCommonCrypto.framework in Embed Frameworks */ = {isa = PBXBuildFile; fileRef = 121EEFF71E2F61A600D1B7FE /* IDZSwiftCommonCrypto.framework */; settings = {ATTRIBUTES = (CodeSignOnCopy, RemoveHeadersOnCopy, ); }; };
		125009AE1E2F632900303DEE /* SwiftyJSON.framework in Frameworks */ = {isa = PBXBuildFile; fileRef = 125009AD1E2F632900303DEE /* SwiftyJSON.framework */; };
		125009AF1E2F632C00303DEE /* SwiftyJSON.framework in Embed Frameworks */ = {isa = PBXBuildFile; fileRef = 125009AD1E2F632900303DEE /* SwiftyJSON.framework */; settings = {ATTRIBUTES = (CodeSignOnCopy, RemoveHeadersOnCopy, ); }; };
		125009B61E2F6ACC00303DEE /* Default-568h@2x.png in Resources */ = {isa = PBXBuildFile; fileRef = 125009B11E2F6ACC00303DEE /* Default-568h@2x.png */; };
		125009B71E2F6ACC00303DEE /* ic_login_pass@2x.png in Resources */ = {isa = PBXBuildFile; fileRef = 125009B21E2F6ACC00303DEE /* ic_login_pass@2x.png */; };
		125009B81E2F6ACC00303DEE /* ic_login_phone@2x.png in Resources */ = {isa = PBXBuildFile; fileRef = 125009B31E2F6ACC00303DEE /* ic_login_phone@2x.png */; };
		125009B91E2F6ACC00303DEE /* ic_login_user@2x.png in Resources */ = {isa = PBXBuildFile; fileRef = 125009B41E2F6ACC00303DEE /* ic_login_user@2x.png */; };
		125009BA1E2F6ACC00303DEE /* logo@2x.png in Resources */ = {isa = PBXBuildFile; fileRef = 125009B51E2F6ACC00303DEE /* logo@2x.png */; };
		125009BC1E2F6B0100303DEE /* logo-index@2x.png in Resources */ = {isa = PBXBuildFile; fileRef = 125009BB1E2F6B0100303DEE /* logo-index@2x.png */; };
/* End PBXBuildFile section */

/* Begin PBXContainerItemProxy section */
		123AC6241E28DB0E00113D2C /* PBXContainerItemProxy */ = {
			isa = PBXContainerItemProxy;
			containerPortal = 123AC6071E28DB0E00113D2C /* Project object */;
			proxyType = 1;
			remoteGlobalIDString = 123AC60E1E28DB0E00113D2C;
			remoteInfo = MOA;
		};
		123AC62F1E28DB0E00113D2C /* PBXContainerItemProxy */ = {
			isa = PBXContainerItemProxy;
			containerPortal = 123AC6071E28DB0E00113D2C /* Project object */;
			proxyType = 1;
			remoteGlobalIDString = 123AC60E1E28DB0E00113D2C;
			remoteInfo = MOA;
		};
/* End PBXContainerItemProxy section */

/* Begin PBXCopyFilesBuildPhase section */
		123AC6441E28DBC500113D2C /* Embed Frameworks */ = {
			isa = PBXCopyFilesBuildPhase;
			buildActionMask = 2147483647;
			dstPath = "";
			dstSubfolderSpec = 10;
			files = (
				125009AF1E2F632C00303DEE /* SwiftyJSON.framework in Embed Frameworks */,
				125009AC1E2F627600303DEE /* IDZSwiftCommonCrypto.framework in Embed Frameworks */,
				125009AB1E2F627200303DEE /* Alamofire.framework in Embed Frameworks */,
			);
			name = "Embed Frameworks";
			runOnlyForDeploymentPostprocessing = 0;
		};
/* End PBXCopyFilesBuildPhase section */

/* Begin PBXFileReference section */
		121EEFEE1E2F0DF300D1B7FE /* NetworkManager.swift */ = {isa = PBXFileReference; fileEncoding = 4; lastKnownFileType = sourcecode.swift; path = NetworkManager.swift; sourceTree = "<group>"; };
		121EEFF11E2F4CDC00D1B7FE /* Config.swift */ = {isa = PBXFileReference; fileEncoding = 4; lastKnownFileType = sourcecode.swift; path = Config.swift; sourceTree = "<group>"; };
		121EEFF31E2F51C300D1B7FE /* BrowserView.swift */ = {isa = PBXFileReference; fileEncoding = 4; lastKnownFileType = sourcecode.swift; path = BrowserView.swift; sourceTree = "<group>"; };
		121EEFF51E2F51D800D1B7FE /* LoginView.swift */ = {isa = PBXFileReference; fileEncoding = 4; lastKnownFileType = sourcecode.swift; path = LoginView.swift; sourceTree = "<group>"; };
		121EEFF71E2F61A600D1B7FE /* IDZSwiftCommonCrypto.framework */ = {isa = PBXFileReference; lastKnownFileType = wrapper.framework; path = IDZSwiftCommonCrypto.framework; sourceTree = "<group>"; };
		123AC60F1E28DB0E00113D2C /* MOA.app */ = {isa = PBXFileReference; explicitFileType = wrapper.application; includeInIndex = 0; path = MOA.app; sourceTree = BUILT_PRODUCTS_DIR; };
		123AC6121E28DB0E00113D2C /* AppDelegate.swift */ = {isa = PBXFileReference; lastKnownFileType = sourcecode.swift; path = AppDelegate.swift; sourceTree = "<group>"; };
		123AC6141E28DB0E00113D2C /* ViewController.swift */ = {isa = PBXFileReference; lastKnownFileType = sourcecode.swift; path = ViewController.swift; sourceTree = "<group>"; };
		123AC6171E28DB0E00113D2C /* Base */ = {isa = PBXFileReference; lastKnownFileType = file.storyboard; name = Base; path = Base.lproj/Main.storyboard; sourceTree = "<group>"; };
		123AC6191E28DB0E00113D2C /* Assets.xcassets */ = {isa = PBXFileReference; lastKnownFileType = folder.assetcatalog; path = Assets.xcassets; sourceTree = "<group>"; };
		123AC61C1E28DB0E00113D2C /* Base */ = {isa = PBXFileReference; lastKnownFileType = file.storyboard; name = Base; path = Base.lproj/LaunchScreen.storyboard; sourceTree = "<group>"; };
		123AC61E1E28DB0E00113D2C /* Info.plist */ = {isa = PBXFileReference; lastKnownFileType = text.plist.xml; path = Info.plist; sourceTree = "<group>"; };
		123AC6231E28DB0E00113D2C /* MOATests.xctest */ = {isa = PBXFileReference; explicitFileType = wrapper.cfbundle; includeInIndex = 0; path = MOATests.xctest; sourceTree = BUILT_PRODUCTS_DIR; };
		123AC6271E28DB0E00113D2C /* MOATests.swift */ = {isa = PBXFileReference; lastKnownFileType = sourcecode.swift; path = MOATests.swift; sourceTree = "<group>"; };
		123AC6291E28DB0E00113D2C /* Info.plist */ = {isa = PBXFileReference; lastKnownFileType = text.plist.xml; path = Info.plist; sourceTree = "<group>"; };
		123AC62E1E28DB0E00113D2C /* MOAUITests.xctest */ = {isa = PBXFileReference; explicitFileType = wrapper.cfbundle; includeInIndex = 0; path = MOAUITests.xctest; sourceTree = BUILT_PRODUCTS_DIR; };
		123AC6321E28DB0E00113D2C /* MOAUITests.swift */ = {isa = PBXFileReference; lastKnownFileType = sourcecode.swift; path = MOAUITests.swift; sourceTree = "<group>"; };
		123AC6341E28DB0E00113D2C /* Info.plist */ = {isa = PBXFileReference; lastKnownFileType = text.plist.xml; path = Info.plist; sourceTree = "<group>"; };
		123AC6401E28DBB400113D2C /* IDZSwiftCommonCrypto.framework */ = {isa = PBXFileReference; lastKnownFileType = wrapper.framework; name = IDZSwiftCommonCrypto.framework; path = /Users/qq/Desktop/GiveMeStrength/MOA/MOA/IDZSwiftCommonCrypto.framework; sourceTree = "<absolute>"; };
		123AC6501E2DF35100113D2C /* DeviceCheckView.swift */ = {isa = PBXFileReference; fileEncoding = 4; lastKnownFileType = sourcecode.swift; path = DeviceCheckView.swift; sourceTree = "<group>"; };
		125009A91E2F626900303DEE /* Alamofire.framework */ = {isa = PBXFileReference; lastKnownFileType = wrapper.framework; path = Alamofire.framework; sourceTree = "<group>"; };
		125009AD1E2F632900303DEE /* SwiftyJSON.framework */ = {isa = PBXFileReference; lastKnownFileType = wrapper.framework; path = SwiftyJSON.framework; sourceTree = "<group>"; };
		125009B11E2F6ACC00303DEE /* Default-568h@2x.png */ = {isa = PBXFileReference; lastKnownFileType = image.png; path = "Default-568h@2x.png"; sourceTree = "<group>"; };
		125009B21E2F6ACC00303DEE /* ic_login_pass@2x.png */ = {isa = PBXFileReference; lastKnownFileType = image.png; path = "ic_login_pass@2x.png"; sourceTree = "<group>"; };
		125009B31E2F6ACC00303DEE /* ic_login_phone@2x.png */ = {isa = PBXFileReference; lastKnownFileType = image.png; path = "ic_login_phone@2x.png"; sourceTree = "<group>"; };
		125009B41E2F6ACC00303DEE /* ic_login_user@2x.png */ = {isa = PBXFileReference; lastKnownFileType = image.png; path = "ic_login_user@2x.png"; sourceTree = "<group>"; };
		125009B51E2F6ACC00303DEE /* logo@2x.png */ = {isa = PBXFileReference; lastKnownFileType = image.png; path = "logo@2x.png"; sourceTree = "<group>"; };
		125009BB1E2F6B0100303DEE /* logo-index@2x.png */ = {isa = PBXFileReference; lastKnownFileType = image.png; path = "logo-index@2x.png"; sourceTree = "<group>"; };
/* End PBXFileReference section */

/* Begin PBXFrameworksBuildPhase section */
		123AC60C1E28DB0E00113D2C /* Frameworks */ = {
			isa = PBXFrameworksBuildPhase;
			buildActionMask = 2147483647;
			files = (
				125009AE1E2F632900303DEE /* SwiftyJSON.framework in Frameworks */,
				121EEFF81E2F61A600D1B7FE /* IDZSwiftCommonCrypto.framework in Frameworks */,
				123AC6421E28DBC500113D2C /* IDZSwiftCommonCrypto.framework in Frameworks */,
				125009AA1E2F626900303DEE /* Alamofire.framework in Frameworks */,
			);
			runOnlyForDeploymentPostprocessing = 0;
		};
		123AC6201E28DB0E00113D2C /* Frameworks */ = {
			isa = PBXFrameworksBuildPhase;
			buildActionMask = 2147483647;
			files = (
			);
			runOnlyForDeploymentPostprocessing = 0;
		};
		123AC62B1E28DB0E00113D2C /* Frameworks */ = {
			isa = PBXFrameworksBuildPhase;
			buildActionMask = 2147483647;
			files = (
			);
			runOnlyForDeploymentPostprocessing = 0;
		};
/* End PBXFrameworksBuildPhase section */

/* Begin PBXGroup section */
		121EEFF01E2F4B5B00D1B7FE /* Vendors */ = {
			isa = PBXGroup;
			children = (
				125009AD1E2F632900303DEE /* SwiftyJSON.framework */,
				125009A91E2F626900303DEE /* Alamofire.framework */,
				121EEFF71E2F61A600D1B7FE /* IDZSwiftCommonCrypto.framework */,
			);
			name = Vendors;
			sourceTree = "<group>";
		};
		123AC6061E28DB0E00113D2C = {
			isa = PBXGroup;
			children = (
				123AC6111E28DB0E00113D2C /* MOA */,
				123AC6261E28DB0E00113D2C /* MOATests */,
				123AC6311E28DB0E00113D2C /* MOAUITests */,
				123AC6101E28DB0E00113D2C /* Products */,
			);
			sourceTree = "<group>";
		};
		123AC6101E28DB0E00113D2C /* Products */ = {
			isa = PBXGroup;
			children = (
				123AC60F1E28DB0E00113D2C /* MOA.app */,
				123AC6231E28DB0E00113D2C /* MOATests.xctest */,
				123AC62E1E28DB0E00113D2C /* MOAUITests.xctest */,
			);
			name = Products;
			sourceTree = "<group>";
		};
		123AC6111E28DB0E00113D2C /* MOA */ = {
			isa = PBXGroup;
			children = (
				125009B01E2F6AB300303DEE /* Images */,
				121EEFF01E2F4B5B00D1B7FE /* Vendors */,
				125009BD1E2F7BC800303DEE /* Views */,
				125009BE1E2F7BF500303DEE /* Tools */,
				123AC6121E28DB0E00113D2C /* AppDelegate.swift */,
				123AC6141E28DB0E00113D2C /* ViewController.swift */,
				123AC6161E28DB0E00113D2C /* Main.storyboard */,
				123AC6191E28DB0E00113D2C /* Assets.xcassets */,
				123AC61B1E28DB0E00113D2C /* LaunchScreen.storyboard */,
				123AC61E1E28DB0E00113D2C /* Info.plist */,
			);
			path = MOA;
			sourceTree = "<group>";
		};
		123AC6261E28DB0E00113D2C /* MOATests */ = {
			isa = PBXGroup;
			children = (
				123AC6271E28DB0E00113D2C /* MOATests.swift */,
				123AC6291E28DB0E00113D2C /* Info.plist */,
			);
			path = MOATests;
			sourceTree = "<group>";
		};
		123AC6311E28DB0E00113D2C /* MOAUITests */ = {
			isa = PBXGroup;
			children = (
				123AC6321E28DB0E00113D2C /* MOAUITests.swift */,
				123AC6341E28DB0E00113D2C /* Info.plist */,
			);
			path = MOAUITests;
			sourceTree = "<group>";
		};
		125009B01E2F6AB300303DEE /* Images */ = {
			isa = PBXGroup;
			children = (
				125009B11E2F6ACC00303DEE /* Default-568h@2x.png */,
				125009B21E2F6ACC00303DEE /* ic_login_pass@2x.png */,
				125009B31E2F6ACC00303DEE /* ic_login_phone@2x.png */,
				125009B41E2F6ACC00303DEE /* ic_login_user@2x.png */,
				125009BB1E2F6B0100303DEE /* logo-index@2x.png */,
				125009B51E2F6ACC00303DEE /* logo@2x.png */,
			);
			name = Images;
			sourceTree = "<group>";
		};
		125009BD1E2F7BC800303DEE /* Views */ = {
			isa = PBXGroup;
			children = (
				121EEFF31E2F51C300D1B7FE /* BrowserView.swift */,
				121EEFF51E2F51D800D1B7FE /* LoginView.swift */,
				123AC6501E2DF35100113D2C /* DeviceCheckView.swift */,
			);
			name = Views;
			sourceTree = "<group>";
		};
		125009BE1E2F7BF500303DEE /* Tools */ = {
			isa = PBXGroup;
			children = (
				121EEFEE1E2F0DF300D1B7FE /* NetworkManager.swift */,
				121EEFF11E2F4CDC00D1B7FE /* Config.swift */,
			);
			name = Tools;
			sourceTree = "<group>";
		};
/* End PBXGroup section */

/* Begin PBXNativeTarget section */
		123AC60E1E28DB0E00113D2C /* MOA */ = {
			isa = PBXNativeTarget;
			buildConfigurationList = 123AC6371E28DB0E00113D2C /* Build configuration list for PBXNativeTarget "MOA" */;
			buildPhases = (
				123AC60B1E28DB0E00113D2C /* Sources */,
				123AC60C1E28DB0E00113D2C /* Frameworks */,
				123AC60D1E28DB0E00113D2C /* Resources */,
				123AC6441E28DBC500113D2C /* Embed Frameworks */,
			);
			buildRules = (
			);
			dependencies = (
			);
			name = MOA;
			productName = MOA;
			productReference = 123AC60F1E28DB0E00113D2C /* MOA.app */;
			productType = "com.apple.product-type.application";
		};
		123AC6221E28DB0E00113D2C /* MOATests */ = {
			isa = PBXNativeTarget;
			buildConfigurationList = 123AC63A1E28DB0E00113D2C /* Build configuration list for PBXNativeTarget "MOATests" */;
			buildPhases = (
				123AC61F1E28DB0E00113D2C /* Sources */,
				123AC6201E28DB0E00113D2C /* Frameworks */,
				123AC6211E28DB0E00113D2C /* Resources */,
			);
			buildRules = (
			);
			dependencies = (
				123AC6251E28DB0E00113D2C /* PBXTargetDependency */,
			);
			name = MOATests;
			productName = MOATests;
			productReference = 123AC6231E28DB0E00113D2C /* MOATests.xctest */;
			productType = "com.apple.product-type.bundle.unit-test";
		};
		123AC62D1E28DB0E00113D2C /* MOAUITests */ = {
			isa = PBXNativeTarget;
			buildConfigurationList = 123AC63D1E28DB0E00113D2C /* Build configuration list for PBXNativeTarget "MOAUITests" */;
			buildPhases = (
				123AC62A1E28DB0E00113D2C /* Sources */,
				123AC62B1E28DB0E00113D2C /* Frameworks */,
				123AC62C1E28DB0E00113D2C /* Resources */,
			);
			buildRules = (
			);
			dependencies = (
				123AC6301E28DB0E00113D2C /* PBXTargetDependency */,
			);
			name = MOAUITests;
			productName = MOAUITests;
			productReference = 123AC62E1E28DB0E00113D2C /* MOAUITests.xctest */;
			productType = "com.apple.product-type.bundle.ui-testing";
		};
/* End PBXNativeTarget section */

/* Begin PBXProject section */
		123AC6071E28DB0E00113D2C /* Project object */ = {
			isa = PBXProject;
			attributes = {
				LastSwiftUpdateCheck = 0810;
				LastUpgradeCheck = 0810;
				ORGANIZATIONNAME = "Xidi E-commerce Co. Ltd";
				TargetAttributes = {
					123AC60E1E28DB0E00113D2C = {
						CreatedOnToolsVersion = 8.1;
						DevelopmentTeam = 97N7Y7Y4VE;
						ProvisioningStyle = Manual;
					};
					123AC6221E28DB0E00113D2C = {
						CreatedOnToolsVersion = 8.1;
						DevelopmentTeam = 97N7Y7Y4VE;
						ProvisioningStyle = Automatic;
						TestTargetID = 123AC60E1E28DB0E00113D2C;
					};
					123AC62D1E28DB0E00113D2C = {
						CreatedOnToolsVersion = 8.1;
						DevelopmentTeam = 97N7Y7Y4VE;
						ProvisioningStyle = Automatic;
						TestTargetID = 123AC60E1E28DB0E00113D2C;
					};
				};
			};
			buildConfigurationList = 123AC60A1E28DB0E00113D2C /* Build configuration list for PBXProject "MOA" */;
			compatibilityVersion = "Xcode 3.2";
			developmentRegion = English;
			hasScannedForEncodings = 0;
			knownRegions = (
				en,
				Base,
			);
			mainGroup = 123AC6061E28DB0E00113D2C;
			productRefGroup = 123AC6101E28DB0E00113D2C /* Products */;
			projectDirPath = "";
			projectRoot = "";
			targets = (
				123AC60E1E28DB0E00113D2C /* MOA */,
				123AC6221E28DB0E00113D2C /* MOATests */,
				123AC62D1E28DB0E00113D2C /* MOAUITests */,
			);
		};
/* End PBXProject section */

/* Begin PBXResourcesBuildPhase section */
		123AC60D1E28DB0E00113D2C /* Resources */ = {
			isa = PBXResourcesBuildPhase;
			buildActionMask = 2147483647;
			files = (
				125009B91E2F6ACC00303DEE /* ic_login_user@2x.png in Resources */,
				125009BA1E2F6ACC00303DEE /* logo@2x.png in Resources */,
				123AC61D1E28DB0E00113D2C /* LaunchScreen.storyboard in Resources */,
				125009BC1E2F6B0100303DEE /* logo-index@2x.png in Resources */,
				125009B61E2F6ACC00303DEE /* Default-568h@2x.png in Resources */,
				123AC61A1E28DB0E00113D2C /* Assets.xcassets in Resources */,
				125009B71E2F6ACC00303DEE /* ic_login_pass@2x.png in Resources */,
				123AC6181E28DB0E00113D2C /* Main.storyboard in Resources */,
				125009B81E2F6ACC00303DEE /* ic_login_phone@2x.png in Resources */,
			);
			runOnlyForDeploymentPostprocessing = 0;
		};
		123AC6211E28DB0E00113D2C /* Resources */ = {
			isa = PBXResourcesBuildPhase;
			buildActionMask = 2147483647;
			files = (
			);
			runOnlyForDeploymentPostprocessing = 0;
		};
		123AC62C1E28DB0E00113D2C /* Resources */ = {
			isa = PBXResourcesBuildPhase;
			buildActionMask = 2147483647;
			files = (
			);
			runOnlyForDeploymentPostprocessing = 0;
		};
/* End PBXResourcesBuildPhase section */

/* Begin PBXSourcesBuildPhase section */
		123AC60B1E28DB0E00113D2C /* Sources */ = {
			isa = PBXSourcesBuildPhase;
			buildActionMask = 2147483647;
			files = (
				121EEFEF1E2F0DF300D1B7FE /* NetworkManager.swift in Sources */,
				121EEFF61E2F51D800D1B7FE /* LoginView.swift in Sources */,
				123AC6151E28DB0E00113D2C /* ViewController.swift in Sources */,
				121EEFF21E2F4CDC00D1B7FE /* Config.swift in Sources */,
				123AC6131E28DB0E00113D2C /* AppDelegate.swift in Sources */,
				123AC6511E2DF35100113D2C /* DeviceCheckView.swift in Sources */,
				121EEFF41E2F51C300D1B7FE /* BrowserView.swift in Sources */,
			);
			runOnlyForDeploymentPostprocessing = 0;
		};
		123AC61F1E28DB0E00113D2C /* Sources */ = {
			isa = PBXSourcesBuildPhase;
			buildActionMask = 2147483647;
			files = (
				123AC6281E28DB0E00113D2C /* MOATests.swift in Sources */,
			);
			runOnlyForDeploymentPostprocessing = 0;
		};
		123AC62A1E28DB0E00113D2C /* Sources */ = {
			isa = PBXSourcesBuildPhase;
			buildActionMask = 2147483647;
			files = (
				123AC6331E28DB0E00113D2C /* MOAUITests.swift in Sources */,
			);
			runOnlyForDeploymentPostprocessing = 0;
		};
/* End PBXSourcesBuildPhase section */

/* Begin PBXTargetDependency section */
		123AC6251E28DB0E00113D2C /* PBXTargetDependency */ = {
			isa = PBXTargetDependency;
			target = 123AC60E1E28DB0E00113D2C /* MOA */;
			targetProxy = 123AC6241E28DB0E00113D2C /* PBXContainerItemProxy */;
		};
		123AC6301E28DB0E00113D2C /* PBXTargetDependency */ = {
			isa = PBXTargetDependency;
			target = 123AC60E1E28DB0E00113D2C /* MOA */;
			targetProxy = 123AC62F1E28DB0E00113D2C /* PBXContainerItemProxy */;
		};
/* End PBXTargetDependency section */

/* Begin PBXVariantGroup section */
		123AC6161E28DB0E00113D2C /* Main.storyboard */ = {
			isa = PBXVariantGroup;
			children = (
				123AC6171E28DB0E00113D2C /* Base */,
			);
			name = Main.storyboard;
			sourceTree = "<group>";
		};
		123AC61B1E28DB0E00113D2C /* LaunchScreen.storyboard */ = {
			isa = PBXVariantGroup;
			children = (
				123AC61C1E28DB0E00113D2C /* Base */,
			);
			name = LaunchScreen.storyboard;
			sourceTree = "<group>";
		};
/* End PBXVariantGroup section */

/* Begin XCBuildConfiguration section */
		123AC6351E28DB0E00113D2C /* Debug */ = {
			isa = XCBuildConfiguration;
			buildSettings = {
				ALWAYS_SEARCH_USER_PATHS = NO;
				CLANG_ANALYZER_NONNULL = YES;
				CLANG_CXX_LANGUAGE_STANDARD = "gnu++0x";
				CLANG_CXX_LIBRARY = "libc++";
				CLANG_ENABLE_MODULES = YES;
				CLANG_ENABLE_OBJC_ARC = YES;
				CLANG_WARN_BOOL_CONVERSION = YES;
				CLANG_WARN_CONSTANT_CONVERSION = YES;
				CLANG_WARN_DIRECT_OBJC_ISA_USAGE = YES_ERROR;
				CLANG_WARN_DOCUMENTATION_COMMENTS = YES;
				CLANG_WARN_EMPTY_BODY = YES;
				CLANG_WARN_ENUM_CONVERSION = YES;
				CLANG_WARN_INFINITE_RECURSION = YES;
				CLANG_WARN_INT_CONVERSION = YES;
				CLANG_WARN_OBJC_ROOT_CLASS = YES_ERROR;
				CLANG_WARN_SUSPICIOUS_MOVES = YES;
				CLANG_WARN_UNREACHABLE_CODE = YES;
				CLANG_WARN__DUPLICATE_METHOD_MATCH = YES;
				"CODE_SIGN_IDENTITY[sdk=iphoneos*]" = "iPhone Developer";
				COPY_PHASE_STRIP = NO;
				DEBUG_INFORMATION_FORMAT = dwarf;
				ENABLE_STRICT_OBJC_MSGSEND = YES;
				ENABLE_TESTABILITY = YES;
				GCC_C_LANGUAGE_STANDARD = gnu99;
				GCC_DYNAMIC_NO_PIC = NO;
				GCC_NO_COMMON_BLOCKS = YES;
				GCC_OPTIMIZATION_LEVEL = 0;
				GCC_PREPROCESSOR_DEFINITIONS = (
					"DEBUG=1",
					"$(inherited)",
				);
				GCC_WARN_64_TO_32_BIT_CONVERSION = YES;
				GCC_WARN_ABOUT_RETURN_TYPE = YES_ERROR;
				GCC_WARN_UNDECLARED_SELECTOR = YES;
				GCC_WARN_UNINITIALIZED_AUTOS = YES_AGGRESSIVE;
				GCC_WARN_UNUSED_FUNCTION = YES;
				GCC_WARN_UNUSED_VARIABLE = YES;
				IPHONEOS_DEPLOYMENT_TARGET = 10.1;
				MTL_ENABLE_DEBUG_INFO = YES;
				ONLY_ACTIVE_ARCH = YES;
				SDKROOT = iphoneos;
				SWIFT_ACTIVE_COMPILATION_CONDITIONS = DEBUG;
				SWIFT_OPTIMIZATION_LEVEL = "-Onone";
				TARGETED_DEVICE_FAMILY = "1,2";
			};
			name = Debug;
		};
		123AC6361E28DB0E00113D2C /* Release */ = {
			isa = XCBuildConfiguration;
			buildSettings = {
				ALWAYS_SEARCH_USER_PATHS = NO;
				CLANG_ANALYZER_NONNULL = YES;
				CLANG_CXX_LANGUAGE_STANDARD = "gnu++0x";
				CLANG_CXX_LIBRARY = "libc++";
				CLANG_ENABLE_MODULES = YES;
				CLANG_ENABLE_OBJC_ARC = YES;
				CLANG_WARN_BOOL_CONVERSION = YES;
				CLANG_WARN_CONSTANT_CONVERSION = YES;
				CLANG_WARN_DIRECT_OBJC_ISA_USAGE = YES_ERROR;
				CLANG_WARN_DOCUMENTATION_COMMENTS = YES;
				CLANG_WARN_EMPTY_BODY = YES;
				CLANG_WARN_ENUM_CONVERSION = YES;
				CLANG_WARN_INFINITE_RECURSION = YES;
				CLANG_WARN_INT_CONVERSION = YES;
				CLANG_WARN_OBJC_ROOT_CLASS = YES_ERROR;
				CLANG_WARN_SUSPICIOUS_MOVES = YES;
				CLANG_WARN_UNREACHABLE_CODE = YES;
				CLANG_WARN__DUPLICATE_METHOD_MATCH = YES;
				"CODE_SIGN_IDENTITY[sdk=iphoneos*]" = "iPhone Developer";
				COPY_PHASE_STRIP = NO;
				DEBUG_INFORMATION_FORMAT = "dwarf-with-dsym";
				ENABLE_NS_ASSERTIONS = NO;
				ENABLE_STRICT_OBJC_MSGSEND = YES;
				GCC_C_LANGUAGE_STANDARD = gnu99;
				GCC_NO_COMMON_BLOCKS = YES;
				GCC_WARN_64_TO_32_BIT_CONVERSION = YES;
				GCC_WARN_ABOUT_RETURN_TYPE = YES_ERROR;
				GCC_WARN_UNDECLARED_SELECTOR = YES;
				GCC_WARN_UNINITIALIZED_AUTOS = YES_AGGRESSIVE;
				GCC_WARN_UNUSED_FUNCTION = YES;
				GCC_WARN_UNUSED_VARIABLE = YES;
				IPHONEOS_DEPLOYMENT_TARGET = 10.1;
				MTL_ENABLE_DEBUG_INFO = NO;
				SDKROOT = iphoneos;
				SWIFT_OPTIMIZATION_LEVEL = "-Owholemodule";
				TARGETED_DEVICE_FAMILY = "1,2";
				VALIDATE_PRODUCT = YES;
			};
			name = Release;
		};
		123AC6381E28DB0E00113D2C /* Debug */ = {
			isa = XCBuildConfiguration;
			buildSettings = {
				ASSETCATALOG_COMPILER_APPICON_NAME = AppIcon;
				"CODE_SIGN_IDENTITY[sdk=iphoneos*]" = "iPhone Developer: ivan hu (2K54GZ593R)";
				DEVELOPMENT_TEAM = 97N7Y7Y4VE;
				FRAMEWORK_SEARCH_PATHS = (
					"$(inherited)",
					"$(PROJECT_DIR)/MOA",
				);
				INFOPLIST_FILE = MOA/Info.plist;
				IPHONEOS_DEPLOYMENT_TARGET = 9.0;
				LD_RUNPATH_SEARCH_PATHS = "$(inherited) @executable_path/Frameworks";
				PRODUCT_BUNDLE_IDENTIFIER = com.xidibuy.moa;
				PRODUCT_NAME = "$(TARGET_NAME)";
				PROVISIONING_PROFILE = "f698febd-d4f3-4a5b-a48e-801e0d019ef4";
				PROVISIONING_PROFILE_SPECIFIER = "iOS-dev";
				SWIFT_VERSION = 3.0;
			};
			name = Debug;
		};
		123AC6391E28DB0E00113D2C /* Release */ = {
			isa = XCBuildConfiguration;
			buildSettings = {
				ASSETCATALOG_COMPILER_APPICON_NAME = AppIcon;
				"CODE_SIGN_IDENTITY[sdk=iphoneos*]" = "iPhone Distribution: Xidi E-Commerce Co. Ltd.";
				DEVELOPMENT_TEAM = 97N7Y7Y4VE;
				FRAMEWORK_SEARCH_PATHS = (
					"$(inherited)",
					"$(PROJECT_DIR)/MOA",
				);
				INFOPLIST_FILE = MOA/Info.plist;
				IPHONEOS_DEPLOYMENT_TARGET = 9.0;
				LD_RUNPATH_SEARCH_PATHS = "$(inherited) @executable_path/Frameworks";
				PRODUCT_BUNDLE_IDENTIFIER = com.xidibuy.moa;
				PRODUCT_NAME = "$(TARGET_NAME)";
				PROVISIONING_PROFILE = "37b73c2e-9504-49d4-a2af-c47cce300364";
				PROVISIONING_PROFILE_SPECIFIER = "XC: com.xidibuy.moa";
				SWIFT_VERSION = 3.0;
			};
			name = Release;
		};
		123AC63B1E28DB0E00113D2C /* Debug */ = {
			isa = XCBuildConfiguration;
			buildSettings = {
				ALWAYS_EMBED_SWIFT_STANDARD_LIBRARIES = YES;
				BUNDLE_LOADER = "$(TEST_HOST)";
				DEVELOPMENT_TEAM = 97N7Y7Y4VE;
				INFOPLIST_FILE = MOATests/Info.plist;
				LD_RUNPATH_SEARCH_PATHS = "$(inherited) @executable_path/Frameworks @loader_path/Frameworks";
				PRODUCT_BUNDLE_IDENTIFIER = "Xidi-E-commerce-Co.-Ltd.MOATests";
				PRODUCT_NAME = "$(TARGET_NAME)";
				SWIFT_VERSION = 3.0;
				TEST_HOST = "$(BUILT_PRODUCTS_DIR)/MOA.app/MOA";
			};
			name = Debug;
		};
		123AC63C1E28DB0E00113D2C /* Release */ = {
			isa = XCBuildConfiguration;
			buildSettings = {
				ALWAYS_EMBED_SWIFT_STANDARD_LIBRARIES = YES;
				BUNDLE_LOADER = "$(TEST_HOST)";
				DEVELOPMENT_TEAM = 97N7Y7Y4VE;
				INFOPLIST_FILE = MOATests/Info.plist;
				LD_RUNPATH_SEARCH_PATHS = "$(inherited) @executable_path/Frameworks @loader_path/Frameworks";
				PRODUCT_BUNDLE_IDENTIFIER = "Xidi-E-commerce-Co.-Ltd.MOATests";
				PRODUCT_NAME = "$(TARGET_NAME)";
				SWIFT_VERSION = 3.0;
				TEST_HOST = "$(BUILT_PRODUCTS_DIR)/MOA.app/MOA";
			};
			name = Release;
		};
		123AC63E1E28DB0E00113D2C /* Debug */ = {
			isa = XCBuildConfiguration;
			buildSettings = {
				ALWAYS_EMBED_SWIFT_STANDARD_LIBRARIES = YES;
				DEVELOPMENT_TEAM = 97N7Y7Y4VE;
				INFOPLIST_FILE = MOAUITests/Info.plist;
				LD_RUNPATH_SEARCH_PATHS = "$(inherited) @executable_path/Frameworks @loader_path/Frameworks";
				PRODUCT_BUNDLE_IDENTIFIER = "Xidi-E-commerce-Co.-Ltd.MOAUITests";
				PRODUCT_NAME = "$(TARGET_NAME)";
				SWIFT_VERSION = 3.0;
				TEST_TARGET_NAME = MOA;
			};
			name = Debug;
		};
		123AC63F1E28DB0E00113D2C /* Release */ = {
			isa = XCBuildConfiguration;
			buildSettings = {
				ALWAYS_EMBED_SWIFT_STANDARD_LIBRARIES = YES;
				DEVELOPMENT_TEAM = 97N7Y7Y4VE;
				INFOPLIST_FILE = MOAUITests/Info.plist;
				LD_RUNPATH_SEARCH_PATHS = "$(inherited) @executable_path/Frameworks @loader_path/Frameworks";
				PRODUCT_BUNDLE_IDENTIFIER = "Xidi-E-commerce-Co.-Ltd.MOAUITests";
				PRODUCT_NAME = "$(TARGET_NAME)";
				SWIFT_VERSION = 3.0;
				TEST_TARGET_NAME = MOA;
			};
			name = Release;
		};
/* End XCBuildConfiguration section */

/* Begin XCConfigurationList section */
		123AC60A1E28DB0E00113D2C /* Build configuration list for PBXProject "MOA" */ = {
			isa = XCConfigurationList;
			buildConfigurations = (
				123AC6351E28DB0E00113D2C /* Debug */,
				123AC6361E28DB0E00113D2C /* Release */,
			);
			defaultConfigurationIsVisible = 0;
			defaultConfigurationName = Release;
		};
		123AC6371E28DB0E00113D2C /* Build configuration list for PBXNativeTarget "MOA" */ = {
			isa = XCConfigurationList;
			buildConfigurations = (
				123AC6381E28DB0E00113D2C /* Debug */,
				123AC6391E28DB0E00113D2C /* Release */,
			);
			defaultConfigurationIsVisible = 0;
			defaultConfigurationName = Release;
		};
		123AC63A1E28DB0E00113D2C /* Build configuration list for PBXNativeTarget "MOATests" */ = {
			isa = XCConfigurationList;
			buildConfigurations = (
				123AC63B1E28DB0E00113D2C /* Debug */,
				123AC63C1E28DB0E00113D2C /* Release */,
			);
			defaultConfigurationIsVisible = 0;
			defaultConfigurationName = Release;
		};
		123AC63D1E28DB0E00113D2C /* Build configuration list for PBXNativeTarget "MOAUITests" */ = {
			isa = XCConfigurationList;
			buildConfigurations = (
				123AC63E1E28DB0E00113D2C /* Debug */,
				123AC63F1E28DB0E00113D2C /* Release */,
			);
			defaultConfigurationIsVisible = 0;
			defaultConfigurationName = Release;
		};
/* End XCConfigurationList section */
	};
	rootObject = 123AC6071E28DB0E00113D2C /* Project object */;
}
